
Microsoft Visual Studio Solution File, Format Version 12.00
# Visual Studio Version 17
VisualStudioVersion = 17.0.31903.59
MinimumVisualStudioVersion = 10.0.40219.1
Project("{FAE04EC0-301F-11D3-BF4B-00C04F79EFBC}") = "SimpchatWeb", "SimpchatWeb\SimpchatWeb.csproj", "{ACD22C62-0724-4DB5-8135-7638CDBC74BE}"
EndProject
Global
	GlobalSection(SolutionConfigurationPlatforms) = preSolution
		Debug|Any CPU = Debug|Any CPU
		Release|Any CPU = Release|Any CPU
	EndGlobalSection
	GlobalSection(ProjectConfigurationPlatforms) = postSolution
		{ACD22C62-0724-4DB5-8135-7638CDBC74BE}.Debug|Any CPU.ActiveCfg = Debug|Any CPU
		{ACD22C62-0724-4DB5-8135-7638CDBC74BE}.Debug|Any CPU.Build.0 = Debug|Any CPU
		{ACD22C62-0724-4DB5-8135-7638CDBC74BE}.Release|Any CPU.ActiveCfg = Release|Any CPU
		{ACD22C62-0724-4DB5-8135-7638CDBC74BE}.Release|Any CPU.Build.0 = Release|Any CPU
	EndGlobalSection
	GlobalSection(SolutionProperties) = preSolution
		HideSolutionNode = FALSE
	EndGlobalSection
	GlobalSection(ExtensibilityGlobals) = postSolution
		SolutionGuid = {D6F069B5-E4F0-41C4-B37B-D7CD0AE5DBB2}
	EndGlobalSection
EndGlobal
